
Microsoft Visual Studio Solution File, Format Version 12.00
# Visual Studio Version 17
VisualStudioVersion = 17.14.36511.14 d17.14
MinimumVisualStudioVersion = 10.0.40219.1
Project("{FAE04EC0-301F-11D3-BF4B-00C04F79EFBC}") = "MGCleaning.Desktop", "MGCleaning.Desktop.csproj", "{D96986CA-7CDE-480B-88CA-59FF3680DEF4}"
EndProject
Project("{FAE04EC0-301F-11D3-BF4B-00C04F79EFBC}") = "MGCleaning.Models", "..\MGCleaning.Models\MGCleaning.Models.csproj", "{427B76A7-A3DC-48B5-AEE9-EBD9747316FA}"
EndProject
Global
	GlobalSection(SolutionConfigurationPlatforms) = preSolution
		Debug|Any CPU = Debug|Any CPU
		Release|Any CPU = Release|Any CPU
	EndGlobalSection
	GlobalSection(ProjectConfigurationPlatforms) = postSolution
		{D96986CA-7CDE-480B-88CA-59FF3680DEF4}.Debug|Any CPU.ActiveCfg = Debug|Any CPU
		{D96986CA-7CDE-480B-88CA-59FF3680DEF4}.Debug|Any CPU.Build.0 = Debug|Any CPU
		{D96986CA-7CDE-480B-88CA-59FF3680DEF4}.Release|Any CPU.ActiveCfg = Release|Any CPU
		{D96986CA-7CDE-480B-88CA-59FF3680DEF4}.Release|Any CPU.Build.0 = Release|Any CPU
		{427B76A7-A3DC-48B5-AEE9-EBD9747316FA}.Debug|Any CPU.ActiveCfg = Debug|Any CPU
		{427B76A7-A3DC-48B5-AEE9-EBD9747316FA}.Debug|Any CPU.Build.0 = Debug|Any CPU
		{427B76A7-A3DC-48B5-AEE9-EBD9747316FA}.Release|Any CPU.ActiveCfg = Release|Any CPU
		{427B76A7-A3DC-48B5-AEE9-EBD9747316FA}.Release|Any CPU.Build.0 = Release|Any CPU
	EndGlobalSection
	GlobalSection(SolutionProperties) = preSolution
		HideSolutionNode = FALSE
	EndGlobalSection
	GlobalSection(ExtensibilityGlobals) = postSolution
		SolutionGuid = {7688336A-D693-41B1-8DBC-0B5F371FF076}
	EndGlobalSection
EndGlobal
